
Microsoft Visual Studio Solution File, Format Version 12.00
# Visual Studio Version 17
VisualStudioVersion = 17.2.32526.322
MinimumVisualStudioVersion = 10.0.40219.1
Project("{2150E333-8FDC-42A3-9474-1A3956D46DE8}") = "src", "src", "{8992989E-3112-473B-A499-9243F64F7B18}"
EndProject
Project("{9A19103F-16F7-4668-BE54-9A1E7A4F7556}") = "DAL", "DAL\DAL.csproj", "{7DE63896-CE5D-409D-A23C-30627B12CEB9}"
EndProject
Project("{9A19103F-16F7-4668-BE54-9A1E7A4F7556}") = "Domain", "Domain\Domain.csproj", "{D1D4A694-550D-4E01-AD6D-BAC898BC31C3}"
EndProject
Project("{9A19103F-16F7-4668-BE54-9A1E7A4F7556}") = "Application", "Application\Application.csproj", "{88002F10-BA84-4051-98EA-4FBAA314EDBD}"
EndProject
Project("{9A19103F-16F7-4668-BE54-9A1E7A4F7556}") = "CatalogApi", "CatalogApi\CatalogApi.csproj", "{C57E8DC3-85D0-4D28-8FAC-B9E5F78DBDFC}"
EndProject
Project("{9A19103F-16F7-4668-BE54-9A1E7A4F7556}") = "MessageSender", "MessageSender\MessageSender.csproj", "{EBBA9A0D-1EE8-420E-962D-BDFA9F5F3CB7}"
EndProject
Project("{9A19103F-16F7-4668-BE54-9A1E7A4F7556}") = "IdentityManagement", "IdentityManagement\IdentityManagement.csproj", "{0E6517AB-72D5-41F5-A448-5283C677400A}"
EndProject
Project("{FAE04EC0-301F-11D3-BF4B-00C04F79EFBC}") = "OcelotApiGateway", "OcelotApiGateway\OcelotApiGateway.csproj", "{CAAA7045-3BC5-411B-8111-F2FB08B9C807}"
EndProject
Global
	GlobalSection(SolutionConfigurationPlatforms) = preSolution
		Debug|Any CPU = Debug|Any CPU
		Release|Any CPU = Release|Any CPU
	EndGlobalSection
	GlobalSection(ProjectConfigurationPlatforms) = postSolution
		{7DE63896-CE5D-409D-A23C-30627B12CEB9}.Debug|Any CPU.ActiveCfg = Debug|Any CPU
		{7DE63896-CE5D-409D-A23C-30627B12CEB9}.Debug|Any CPU.Build.0 = Debug|Any CPU
		{7DE63896-CE5D-409D-A23C-30627B12CEB9}.Release|Any CPU.ActiveCfg = Release|Any CPU
		{7DE63896-CE5D-409D-A23C-30627B12CEB9}.Release|Any CPU.Build.0 = Release|Any CPU
		{D1D4A694-550D-4E01-AD6D-BAC898BC31C3}.Debug|Any CPU.ActiveCfg = Debug|Any CPU
		{D1D4A694-550D-4E01-AD6D-BAC898BC31C3}.Debug|Any CPU.Build.0 = Debug|Any CPU
		{D1D4A694-550D-4E01-AD6D-BAC898BC31C3}.Release|Any CPU.ActiveCfg = Release|Any CPU
		{D1D4A694-550D-4E01-AD6D-BAC898BC31C3}.Release|Any CPU.Build.0 = Release|Any CPU
		{88002F10-BA84-4051-98EA-4FBAA314EDBD}.Debug|Any CPU.ActiveCfg = Debug|Any CPU
		{88002F10-BA84-4051-98EA-4FBAA314EDBD}.Debug|Any CPU.Build.0 = Debug|Any CPU
		{88002F10-BA84-4051-98EA-4FBAA314EDBD}.Release|Any CPU.ActiveCfg = Release|Any CPU
		{88002F10-BA84-4051-98EA-4FBAA314EDBD}.Release|Any CPU.Build.0 = Release|Any CPU
		{C57E8DC3-85D0-4D28-8FAC-B9E5F78DBDFC}.Debug|Any CPU.ActiveCfg = Debug|Any CPU
		{C57E8DC3-85D0-4D28-8FAC-B9E5F78DBDFC}.Debug|Any CPU.Build.0 = Debug|Any CPU
		{C57E8DC3-85D0-4D28-8FAC-B9E5F78DBDFC}.Release|Any CPU.ActiveCfg = Release|Any CPU
		{C57E8DC3-85D0-4D28-8FAC-B9E5F78DBDFC}.Release|Any CPU.Build.0 = Release|Any CPU
		{EBBA9A0D-1EE8-420E-962D-BDFA9F5F3CB7}.Debug|Any CPU.ActiveCfg = Debug|Any CPU
		{EBBA9A0D-1EE8-420E-962D-BDFA9F5F3CB7}.Debug|Any CPU.Build.0 = Debug|Any CPU
		{EBBA9A0D-1EE8-420E-962D-BDFA9F5F3CB7}.Release|Any CPU.ActiveCfg = Release|Any CPU
		{EBBA9A0D-1EE8-420E-962D-BDFA9F5F3CB7}.Release|Any CPU.Build.0 = Release|Any CPU
		{0E6517AB-72D5-41F5-A448-5283C677400A}.Debug|Any CPU.ActiveCfg = Debug|Any CPU
		{0E6517AB-72D5-41F5-A448-5283C677400A}.Debug|Any CPU.Build.0 = Debug|Any CPU
		{0E6517AB-72D5-41F5-A448-5283C677400A}.Release|Any CPU.ActiveCfg = Release|Any CPU
		{0E6517AB-72D5-41F5-A448-5283C677400A}.Release|Any CPU.Build.0 = Release|Any CPU
		{CAAA7045-3BC5-411B-8111-F2FB08B9C807}.Debug|Any CPU.ActiveCfg = Debug|Any CPU
		{CAAA7045-3BC5-411B-8111-F2FB08B9C807}.Debug|Any CPU.Build.0 = Debug|Any CPU
		{CAAA7045-3BC5-411B-8111-F2FB08B9C807}.Release|Any CPU.ActiveCfg = Release|Any CPU
		{CAAA7045-3BC5-411B-8111-F2FB08B9C807}.Release|Any CPU.Build.0 = Release|Any CPU
	EndGlobalSection
	GlobalSection(SolutionProperties) = preSolution
		HideSolutionNode = FALSE
	EndGlobalSection
	GlobalSection(NestedProjects) = preSolution
		{7DE63896-CE5D-409D-A23C-30627B12CEB9} = {8992989E-3112-473B-A499-9243F64F7B18}
		{D1D4A694-550D-4E01-AD6D-BAC898BC31C3} = {8992989E-3112-473B-A499-9243F64F7B18}
		{88002F10-BA84-4051-98EA-4FBAA314EDBD} = {8992989E-3112-473B-A499-9243F64F7B18}
		{C57E8DC3-85D0-4D28-8FAC-B9E5F78DBDFC} = {8992989E-3112-473B-A499-9243F64F7B18}
		{EBBA9A0D-1EE8-420E-962D-BDFA9F5F3CB7} = {8992989E-3112-473B-A499-9243F64F7B18}
		{0E6517AB-72D5-41F5-A448-5283C677400A} = {8992989E-3112-473B-A499-9243F64F7B18}
		{CAAA7045-3BC5-411B-8111-F2FB08B9C807} = {8992989E-3112-473B-A499-9243F64F7B18}
	EndGlobalSection
	GlobalSection(ExtensibilityGlobals) = postSolution
		SolutionGuid = {788DD42B-4C2B-4055-ABEE-7A9A532159B8}
	EndGlobalSection
EndGlobal
